
Microsoft Visual Studio Solution File, Format Version 12.00
# Visual Studio Version 16
VisualStudioVersion = 16.0.31005.135
MinimumVisualStudioVersion = 10.0.40219.1
Project("{FAE04EC0-301F-11D3-BF4B-00C04F79EFBC}") = "TravelogueWebApp", "TravelogueWebApp\TravelogueWebApp.csproj", "{FCA13C89-E894-454D-9F9F-729138EECC6D}"
EndProject
Global
	GlobalSection(SolutionConfigurationPlatforms) = preSolution
		Debug|Any CPU = Debug|Any CPU
		Release|Any CPU = Release|Any CPU
	EndGlobalSection
	GlobalSection(ProjectConfigurationPlatforms) = postSolution
		{FCA13C89-E894-454D-9F9F-729138EECC6D}.Debug|Any CPU.ActiveCfg = Debug|Any CPU
		{FCA13C89-E894-454D-9F9F-729138EECC6D}.Debug|Any CPU.Build.0 = Debug|Any CPU
		{FCA13C89-E894-454D-9F9F-729138EECC6D}.Release|Any CPU.ActiveCfg = Release|Any CPU
		{FCA13C89-E894-454D-9F9F-729138EECC6D}.Release|Any CPU.Build.0 = Release|Any CPU
	EndGlobalSection
	GlobalSection(SolutionProperties) = preSolution
		HideSolutionNode = FALSE
	EndGlobalSection
	GlobalSection(ExtensibilityGlobals) = postSolution
		SolutionGuid = {EC3A0D5B-A9EB-4444-9370-6A599ACFFEB1}
	EndGlobalSection
EndGlobal
